
Microsoft Visual Studio Solution File, Format Version 12.00
# Visual Studio Version 17
VisualStudioVersion = 17.14.36518.9 d17.14
MinimumVisualStudioVersion = 10.0.40219.1
Project("{FAE04EC0-301F-11D3-BF4B-00C04F79EFBC}") = "praktik_7.5_kalkulator", "praktik_7.5_kalkulator\praktik_7.5_kalkulator.csproj", "{814F52FA-12F8-4D71-8141-AAA52B3EC24F}"
EndProject
Global
	GlobalSection(SolutionConfigurationPlatforms) = preSolution
		Debug|Any CPU = Debug|Any CPU
		Release|Any CPU = Release|Any CPU
	EndGlobalSection
	GlobalSection(ProjectConfigurationPlatforms) = postSolution
		{814F52FA-12F8-4D71-8141-AAA52B3EC24F}.Debug|Any CPU.ActiveCfg = Debug|Any CPU
		{814F52FA-12F8-4D71-8141-AAA52B3EC24F}.Debug|Any CPU.Build.0 = Debug|Any CPU
		{814F52FA-12F8-4D71-8141-AAA52B3EC24F}.Release|Any CPU.ActiveCfg = Release|Any CPU
		{814F52FA-12F8-4D71-8141-AAA52B3EC24F}.Release|Any CPU.Build.0 = Release|Any CPU
	EndGlobalSection
	GlobalSection(SolutionProperties) = preSolution
		HideSolutionNode = FALSE
	EndGlobalSection
	GlobalSection(ExtensibilityGlobals) = postSolution
		SolutionGuid = {421CF721-1F08-4C75-8EAC-343D9D8A1F5A}
	EndGlobalSection
EndGlobal
