
Microsoft Visual Studio Solution File, Format Version 12.00
# Visual Studio Version 17
VisualStudioVersion = 17.14.36518.9 d17.14
MinimumVisualStudioVersion = 10.0.40219.1
Project("{FAE04EC0-301F-11D3-BF4B-00C04F79EFBC}") = "Praktik6.8_ X PPLG 2", "Praktik6.8_ X PPLG 2\Praktik6.8_ X PPLG 2.csproj", "{BCA79ACD-99F0-4765-8BBE-1D0562D20291}"
EndProject
Global
	GlobalSection(SolutionConfigurationPlatforms) = preSolution
		Debug|Any CPU = Debug|Any CPU
		Release|Any CPU = Release|Any CPU
	EndGlobalSection
	GlobalSection(ProjectConfigurationPlatforms) = postSolution
		{BCA79ACD-99F0-4765-8BBE-1D0562D20291}.Debug|Any CPU.ActiveCfg = Debug|Any CPU
		{BCA79ACD-99F0-4765-8BBE-1D0562D20291}.Debug|Any CPU.Build.0 = Debug|Any CPU
		{BCA79ACD-99F0-4765-8BBE-1D0562D20291}.Release|Any CPU.ActiveCfg = Release|Any CPU
		{BCA79ACD-99F0-4765-8BBE-1D0562D20291}.Release|Any CPU.Build.0 = Release|Any CPU
	EndGlobalSection
	GlobalSection(SolutionProperties) = preSolution
		HideSolutionNode = FALSE
	EndGlobalSection
	GlobalSection(ExtensibilityGlobals) = postSolution
		SolutionGuid = {A6C9AC0E-3631-45A0-B03C-A94C16404877}
	EndGlobalSection
EndGlobal
