
Microsoft Visual Studio Solution File, Format Version 12.00
# Visual Studio Version 17
VisualStudioVersion = 17.14.36518.9 d17.14
MinimumVisualStudioVersion = 10.0.40219.1
Project("{FAE04EC0-301F-11D3-BF4B-00C04F79EFBC}") = "TUGASS 2_XPPLG2", "TUGASS 2_XPPLG2\TUGASS 2_XPPLG2.csproj", "{256BA62F-AEC6-40B9-B650-9C376E75F237}"
EndProject
Global
	GlobalSection(SolutionConfigurationPlatforms) = preSolution
		Debug|Any CPU = Debug|Any CPU
		Release|Any CPU = Release|Any CPU
	EndGlobalSection
	GlobalSection(ProjectConfigurationPlatforms) = postSolution
		{256BA62F-AEC6-40B9-B650-9C376E75F237}.Debug|Any CPU.ActiveCfg = Debug|Any CPU
		{256BA62F-AEC6-40B9-B650-9C376E75F237}.Debug|Any CPU.Build.0 = Debug|Any CPU
		{256BA62F-AEC6-40B9-B650-9C376E75F237}.Release|Any CPU.ActiveCfg = Release|Any CPU
		{256BA62F-AEC6-40B9-B650-9C376E75F237}.Release|Any CPU.Build.0 = Release|Any CPU
	EndGlobalSection
	GlobalSection(SolutionProperties) = preSolution
		HideSolutionNode = FALSE
	EndGlobalSection
	GlobalSection(ExtensibilityGlobals) = postSolution
		SolutionGuid = {8F0D1D13-0099-4BD2-96D0-CD479267A469}
	EndGlobalSection
EndGlobal
