
Microsoft Visual Studio Solution File, Format Version 12.00
# Visual Studio Version 17
VisualStudioVersion = 17.14.36518.9 d17.14
MinimumVisualStudioVersion = 10.0.40219.1
Project("{FAE04EC0-301F-11D3-BF4B-00C04F79EFBC}") = "TUGASS 1 _XPPLG2", "TUGASS 1 _XPPLG2\TUGASS 1 _XPPLG2.csproj", "{386382FD-1352-4A10-B9AE-01D4805DBD13}"
EndProject
Global
	GlobalSection(SolutionConfigurationPlatforms) = preSolution
		Debug|Any CPU = Debug|Any CPU
		Release|Any CPU = Release|Any CPU
	EndGlobalSection
	GlobalSection(ProjectConfigurationPlatforms) = postSolution
		{386382FD-1352-4A10-B9AE-01D4805DBD13}.Debug|Any CPU.ActiveCfg = Debug|Any CPU
		{386382FD-1352-4A10-B9AE-01D4805DBD13}.Debug|Any CPU.Build.0 = Debug|Any CPU
		{386382FD-1352-4A10-B9AE-01D4805DBD13}.Release|Any CPU.ActiveCfg = Release|Any CPU
		{386382FD-1352-4A10-B9AE-01D4805DBD13}.Release|Any CPU.Build.0 = Release|Any CPU
	EndGlobalSection
	GlobalSection(SolutionProperties) = preSolution
		HideSolutionNode = FALSE
	EndGlobalSection
	GlobalSection(ExtensibilityGlobals) = postSolution
		SolutionGuid = {EBC22880-F336-416F-8883-BB750719F1DD}
	EndGlobalSection
EndGlobal
