
Microsoft Visual Studio Solution File, Format Version 12.00
# Visual Studio Version 17
VisualStudioVersion = 17.14.36518.9 d17.14
MinimumVisualStudioVersion = 10.0.40219.1
Project("{FAE04EC0-301F-11D3-BF4B-00C04F79EFBC}") = "praktik_7.4_hitung luas", "praktik_7.4_hitung luas\praktik_7.4_hitung luas.csproj", "{7151C7C1-2F65-4CF8-BE90-09DD80BB7D2F}"
EndProject
Global
	GlobalSection(SolutionConfigurationPlatforms) = preSolution
		Debug|Any CPU = Debug|Any CPU
		Release|Any CPU = Release|Any CPU
	EndGlobalSection
	GlobalSection(ProjectConfigurationPlatforms) = postSolution
		{7151C7C1-2F65-4CF8-BE90-09DD80BB7D2F}.Debug|Any CPU.ActiveCfg = Debug|Any CPU
		{7151C7C1-2F65-4CF8-BE90-09DD80BB7D2F}.Debug|Any CPU.Build.0 = Debug|Any CPU
		{7151C7C1-2F65-4CF8-BE90-09DD80BB7D2F}.Release|Any CPU.ActiveCfg = Release|Any CPU
		{7151C7C1-2F65-4CF8-BE90-09DD80BB7D2F}.Release|Any CPU.Build.0 = Release|Any CPU
	EndGlobalSection
	GlobalSection(SolutionProperties) = preSolution
		HideSolutionNode = FALSE
	EndGlobalSection
	GlobalSection(ExtensibilityGlobals) = postSolution
		SolutionGuid = {EAEA900E-9B40-4CD3-B85E-79181EB01E0A}
	EndGlobalSection
EndGlobal
